
Microsoft Visual Studio Solution File, Format Version 10.00
# Visual Studio 2008
Project("{FAE04EC0-301F-11D3-BF4B-00C04F79EFBC}") = "Banshee.Lyrics", "Banshee.Lyrics.csproj", "{F38B53BA-8F85-4DC6-9B94-029C1CF96F24}"
EndProject
Global
	GlobalSection(SolutionConfigurationPlatforms) = preSolution
		Debug|Any CPU = Debug|Any CPU
		Windows|Any CPU = Windows|Any CPU
	EndGlobalSection
	GlobalSection(ProjectConfigurationPlatforms) = postSolution
		{F38B53BA-8F85-4DC6-9B94-029C1CF96F24}.Debug|Any CPU.ActiveCfg = Debug|Any CPU
		{F38B53BA-8F85-4DC6-9B94-029C1CF96F24}.Debug|Any CPU.Build.0 = Debug|Any CPU
		{F38B53BA-8F85-4DC6-9B94-029C1CF96F24}.Windows|Any CPU.ActiveCfg = Windows|Any CPU
		{F38B53BA-8F85-4DC6-9B94-029C1CF96F24}.Windows|Any CPU.Build.0 = Windows|Any CPU
	EndGlobalSection
	GlobalSection(MonoDevelopProperties) = preSolution
		StartupItem = Banshee.Lyrics.csproj
		Policies = $0
		$0.DotNetNamingPolicy = $1
		$1.DirectoryNamespaceAssociation = None
		$1.ResourceNamePolicy = FileFormatDefault
		$0.TextStylePolicy = $2
		$2.FileWidth = 120
		$2.inheritsSet = VisualStudio
		$2.inheritsScope = text/plain
		$2.scope = text/plain
		$0.StandardHeader = $3
		$3.Text = 
		$3.inheritsSet = MITX11License
		$0.VersionControlPolicy = $4
		$4.inheritsSet = Mono
		$0.ChangeLogPolicy = $5
		$5.UpdateMode = None
		$5.MessageStyle = $6
		$6.LineAlign = 0
		$5.inheritsSet = Mono
	EndGlobalSection
EndGlobal
