
Microsoft Visual Studio Solution File, Format Version 10.00
# Visual Studio 2008
Project("{FAE04EC0-301F-11D3-BF4B-00C04F79EFBC}") = "Ampache", "src\Ampache\Ampache.csproj", "{AB92D9F2-74A4-4D6A-9882-9D180A544CED}"
EndProject
Project("{FAE04EC0-301F-11D3-BF4B-00C04F79EFBC}") = "ZeitgeistDataprovider", "src\ZeitgeistDataprovider\ZeitgeistDataprovider.csproj", "{BA8AD16F-358B-4F48-90EC-341091300B82}"
EndProject
Project("{FAE04EC0-301F-11D3-BF4B-00C04F79EFBC}") = "RandomByLastfm", "src\RandomByLastfm\RandomByLastfm.csproj", "{04568A95-2430-41EB-82D6-939F5E7E8403}"
EndProject
Project("{FAE04EC0-301F-11D3-BF4B-00C04F79EFBC}") = "SoundMenu", "src\SoundMenu\SoundMenu.csproj", "{EE91126B-5500-4719-9FAA-36CBAC95DEE3}"
EndProject
Project("{FAE04EC0-301F-11D3-BF4B-00C04F79EFBC}") = "AppIndicator", "src\AppIndicator\AppIndicator.csproj", "{B3971F35-8FE0-4FED-A3A4-7A082B341D81}"
EndProject
Project("{FAE04EC0-301F-11D3-BF4B-00C04F79EFBC}") = "UbuntuOneMusicStore", "src\UbuntuOneMusicStore\UbuntuOneMusicStore.csproj", "{3B855EBC-8E55-48DF-816B-B241BE45EBD8}"
EndProject
Project("{FAE04EC0-301F-11D3-BF4B-00C04F79EFBC}") = "LiveRadio", "src\LiveRadio\LiveRadio.csproj", "{8DA5F304-F6B6-43EF-A01F-68511ABF53CF}"
EndProject
Project("{FAE04EC0-301F-11D3-BF4B-00C04F79EFBC}") = "LCD", "src\LCD\LCD.csproj", "{B03D0959-A746-46E0-9D70-400CAD5ABA23}"
EndProject
Project("{FAE04EC0-301F-11D3-BF4B-00C04F79EFBC}") = "AlarmClock", "src\AlarmClock\AlarmClock.csproj", "{8850F596-7FD9-4583-A524-BAFEDD1F474C}"
EndProject
Project("{FAE04EC0-301F-11D3-BF4B-00C04F79EFBC}") = "Lyrics", "src\Lyrics\Lyrics.csproj", "{F38B53BA-8F85-4DC6-9B94-029C1CF96F24}"
EndProject
Project("{FAE04EC0-301F-11D3-BF4B-00C04F79EFBC}") = "RadioStationFetcher", "src\RadioStationFetcher\RadioStationFetcher.csproj", "{1FD50427-9F74-412E-89EB-0F33B889C6A4}"
EndProject
Project("{2150E333-8FDC-42A3-9474-1A3956D46DE8}") = "Mirage", "Mirage", "{FA8A4EFB-2E20-4880-8053-3DEAF3F4B2E1}"
EndProject
Project("{FAE04EC0-301F-11D3-BF4B-00C04F79EFBC}") = "Mirage", "src\Mirage\Mirage\Mirage.csproj", "{D43EB678-542B-4B0B-8A3B-F6CA6181C81F}"
EndProject
Project("{FAE04EC0-301F-11D3-BF4B-00C04F79EFBC}") = "Banshee.Mirage", "src\Mirage\Banshee.Mirage\Banshee.Mirage.csproj", "{DB994058-F7F4-494F-BEBC-11ADF056DF68}"
EndProject
Project("{2857B73E-F847-4B02-9238-064979017E93}") = "libmirageaudio", "src\Mirage\libmirageaudio\libmirageaudio.cproj", "{D8618AEA-5F05-48DE-86BB-0A1F601AE5DC}"
EndProject
Project("{2150E333-8FDC-42A3-9474-1A3956D46DE8}") = "ClutterFlow", "ClutterFlow", "{C54CC0D3-C05D-4A06-9918-5BF9B61C35BF}"
	ProjectSection(MonoDevelopProperties) = preProject
		Policies = $0
		$0.TextStylePolicy = $1
		$1.FileWidth = 120
		$1.TabWidth = 4
		$1.NoTabsAfterNonTabs = True
		$1.RemoveTrailingWhitespace = True
		$1.inheritsSet = Mono
		$1.inheritsScope = text/plain
		$1.scope = text/x-csharp
		$0.CSharpFormattingPolicy = $2
		$2.inheritsSet = Mono
		$2.inheritsScope = text/x-csharp
		$2.scope = text/x-csharp
	EndProjectSection
EndProject
Project("{FAE04EC0-301F-11D3-BF4B-00C04F79EFBC}") = "ClutterFlow", "src\ClutterFlow\ClutterFlow\ClutterFlow.csproj", "{6D04E4A7-E0A9-400F-93D9-0779E0BDB1C0}"
EndProject
Project("{FAE04EC0-301F-11D3-BF4B-00C04F79EFBC}") = "Banshee.ClutterFlow", "src\ClutterFlow\Banshee.ClutterFlow\Banshee.ClutterFlow.csproj", "{8A4E3B12-4BDA-4A17-B886-A70AD7CED024}"
EndProject
Project("{FAE04EC0-301F-11D3-BF4B-00C04F79EFBC}") = "Awn", "src\Awn\Awn.csproj", "{5CDB25E4-4CB8-413B-BF94-91406867EEEF}"
EndProject
Project("{FAE04EC0-301F-11D3-BF4B-00C04F79EFBC}") = "Streamrecorder", "src\StreamRecorder\Streamrecorder.csproj", "{176AB141-4CC8-4E64-87FF-69C5D32A1A99}"
EndProject
Project("{2150E333-8FDC-42A3-9474-1A3956D46DE8}") = "Lirc", "Lirc", "{B0F00CD8-CE0A-4231-9BC9-1B0B2F8984DE}"
EndProject
Project("{FAE04EC0-301F-11D3-BF4B-00C04F79EFBC}") = "Banshee.Lirc", "src\Lirc\Banshee.Lirc\Banshee.Lirc.csproj", "{A8659C27-52A7-4DC5-8F86-43D59F5D6E30}"
EndProject
Project("{FAE04EC0-301F-11D3-BF4B-00C04F79EFBC}") = "Banshee.CoverWallpaper", "src\CoverWallpaper\Banshee.CoverWallpaper.csproj", "{9EFE1F6E-9B7E-4CBA-9EFC-E6F0FDDA9EDC}"
EndProject
Project("{FAE04EC0-301F-11D3-BF4B-00C04F79EFBC}") = "Magnatune", "src\Magnatune\Magnatune.csproj", "{1AEA0235-2C93-4B31-A4F2-D5FF66D841C7}"
EndProject
Project("{2150E333-8FDC-42A3-9474-1A3956D46DE8}") = "Telepathy", "Telepathy", "{76693D14-3D45-4CCC-AC0A-F1372836BCFF}"
EndProject
Project("{FAE04EC0-301F-11D3-BF4B-00C04F79EFBC}") = "Banshee.Telepathy", "src\Telepathy\Banshee.Telepathy\Banshee.Telepathy.csproj", "{C6F7D7EA-0245-4A29-AC8E-714E1677F0FC}"
EndProject
Project("{FAE04EC0-301F-11D3-BF4B-00C04F79EFBC}") = "NDesk.DBus", "src\Telepathy\Banshee.Telepathy\NDesk.DBus\NDesk.DBus.csproj", "{09A0200F-F3AF-4BD6-9EC4-E7D80D273E4C}"
EndProject
Project("{2150E333-8FDC-42A3-9474-1A3956D46DE8}") = "OpenVP", "OpenVP", "{673A23F5-67E8-4BE7-A47B-1BEE9B8C33CD}"
EndProject
Project("{FAE04EC0-301F-11D3-BF4B-00C04F79EFBC}") = "Banshee.OpenVP", "src\OpenVP\Banshee.OpenVP\Banshee.OpenVP.csproj", "{31BFFB6B-357F-4BF5-B9FA-C83E6B8259A9}"
EndProject
Project("{FAE04EC0-301F-11D3-BF4B-00C04F79EFBC}") = "Banshee.OpenVP.Visualizations", "src\OpenVP\Banshee.OpenVP.Visualizations\Banshee.OpenVP.Visualizations.csproj", "{4EB0DA71-99AC-4A9E-AFD0-1530C5C56159}"
EndProject
Project("{FAE04EC0-301F-11D3-BF4B-00C04F79EFBC}") = "Cdh.Affe", "src\OpenVP\Cdh.Affe\Cdh.Affe.csproj", "{CF8CDE47-EE9F-42D0-8073-F7F4EAE94165}"
EndProject
Project("{FAE04EC0-301F-11D3-BF4B-00C04F79EFBC}") = "Cdh.Affe.Tests", "src\OpenVP\Cdh.Affe.Tests\Cdh.Affe.Tests.csproj", "{9D05E68E-56BC-4155-AF0E-118C7D5254B8}"
EndProject
Project("{FAE04EC0-301F-11D3-BF4B-00C04F79EFBC}") = "OpenVP", "src\OpenVP\OpenVP\OpenVP.csproj", "{07680636-F897-4CDB-8B25-85D21113AD1C}"
EndProject
Project("{FAE04EC0-301F-11D3-BF4B-00C04F79EFBC}") = "OpenVP.Core", "src\OpenVP\OpenVP.Core\OpenVP.Core.csproj", "{8684E1F1-96B9-4F74-BFBB-3946C163A6B6}"
EndProject
Project("{FAE04EC0-301F-11D3-BF4B-00C04F79EFBC}") = "OpenVP.Scripting", "src\OpenVP\OpenVP.Scripting\OpenVP.Scripting.csproj", "{05E72510-705D-463D-91B8-A2E22C78F3C2}"
EndProject
Project("{2150E333-8FDC-42A3-9474-1A3956D46DE8}") = "LastfmFingerprint", "LastfmFingerprint", "{32AD215B-5CE4-4D53-88C0-5F8B3CDCEB99}"
EndProject
Project("{FAE04EC0-301F-11D3-BF4B-00C04F79EFBC}") = "LastfmFingerprint", "src\LastfmFingerprint\Banshee.LastfmFingerprint\LastfmFingerprint.csproj", "{C00E6610-4E5D-40D2-9C38-54EADBFDC88A}"
EndProject
Project("{2857B73E-F847-4B02-9238-064979017E93}") = "liblastfmfpbridge", "src\LastfmFingerprint\liblastfmfpbridge\liblastfmfpbridge.cproj", "{701B2CAC-935F-47DB-A7F5-29DFDB4CAF8C}"
EndProject
Project("{FAE04EC0-301F-11D3-BF4B-00C04F79EFBC}") = "Jamendo", "src\Jamendo\Jamendo.csproj", "{BB615036-6BD1-4911-8C99-5C307E29B0A7}"
EndProject
Global
	GlobalSection(SolutionConfigurationPlatforms) = preSolution
		Debug|x86 = Debug|x86
		Release|x86 = Release|x86
		Windows|Any CPU = Windows|Any CPU
	EndGlobalSection
	GlobalSection(ProjectConfigurationPlatforms) = postSolution
		{04568A95-2430-41EB-82D6-939F5E7E8403}.Debug|x86.ActiveCfg = Debug|Any CPU
		{04568A95-2430-41EB-82D6-939F5E7E8403}.Debug|x86.Build.0 = Debug|Any CPU
		{04568A95-2430-41EB-82D6-939F5E7E8403}.Release|x86.ActiveCfg = Release|Any CPU
		{04568A95-2430-41EB-82D6-939F5E7E8403}.Release|x86.Build.0 = Release|Any CPU
		{05E72510-705D-463D-91B8-A2E22C78F3C2}.Debug|x86.ActiveCfg = Debug|Any CPU
		{05E72510-705D-463D-91B8-A2E22C78F3C2}.Debug|x86.Build.0 = Debug|Any CPU
		{05E72510-705D-463D-91B8-A2E22C78F3C2}.Release|x86.ActiveCfg = Release|Any CPU
		{05E72510-705D-463D-91B8-A2E22C78F3C2}.Release|x86.Build.0 = Release|Any CPU
		{07680636-F897-4CDB-8B25-85D21113AD1C}.Debug|x86.ActiveCfg = Debug|Any CPU
		{07680636-F897-4CDB-8B25-85D21113AD1C}.Debug|x86.Build.0 = Debug|Any CPU
		{07680636-F897-4CDB-8B25-85D21113AD1C}.Release|x86.ActiveCfg = Release|Any CPU
		{07680636-F897-4CDB-8B25-85D21113AD1C}.Release|x86.Build.0 = Release|Any CPU
		{09A0200F-F3AF-4BD6-9EC4-E7D80D273E4C}.Debug|x86.ActiveCfg = Debug|Any CPU
		{09A0200F-F3AF-4BD6-9EC4-E7D80D273E4C}.Debug|x86.Build.0 = Debug|Any CPU
		{09A0200F-F3AF-4BD6-9EC4-E7D80D273E4C}.Release|x86.ActiveCfg = Release|Any CPU
		{09A0200F-F3AF-4BD6-9EC4-E7D80D273E4C}.Release|x86.Build.0 = Release|Any CPU
		{176AB141-4CC8-4E64-87FF-69C5D32A1A99}.Debug|x86.ActiveCfg = Debug|Any CPU
		{176AB141-4CC8-4E64-87FF-69C5D32A1A99}.Debug|x86.Build.0 = Debug|Any CPU
		{176AB141-4CC8-4E64-87FF-69C5D32A1A99}.Release|x86.ActiveCfg = Release|Any CPU
		{176AB141-4CC8-4E64-87FF-69C5D32A1A99}.Release|x86.Build.0 = Release|Any CPU
		{1AEA0235-2C93-4B31-A4F2-D5FF66D841C7}.Debug|x86.ActiveCfg = Debug|x86
		{1AEA0235-2C93-4B31-A4F2-D5FF66D841C7}.Debug|x86.Build.0 = Debug|x86
		{1AEA0235-2C93-4B31-A4F2-D5FF66D841C7}.Release|x86.ActiveCfg = Release|x86
		{1AEA0235-2C93-4B31-A4F2-D5FF66D841C7}.Release|x86.Build.0 = Release|x86
		{1FD50427-9F74-412E-89EB-0F33B889C6A4}.Debug|x86.ActiveCfg = Debug|Any CPU
		{1FD50427-9F74-412E-89EB-0F33B889C6A4}.Debug|x86.Build.0 = Debug|Any CPU
		{1FD50427-9F74-412E-89EB-0F33B889C6A4}.Release|x86.ActiveCfg = Release|Any CPU
		{1FD50427-9F74-412E-89EB-0F33B889C6A4}.Release|x86.Build.0 = Release|Any CPU
		{31BFFB6B-357F-4BF5-B9FA-C83E6B8259A9}.Debug|x86.ActiveCfg = Debug|Any CPU
		{31BFFB6B-357F-4BF5-B9FA-C83E6B8259A9}.Debug|x86.Build.0 = Debug|Any CPU
		{31BFFB6B-357F-4BF5-B9FA-C83E6B8259A9}.Release|x86.ActiveCfg = Release|Any CPU
		{31BFFB6B-357F-4BF5-B9FA-C83E6B8259A9}.Release|x86.Build.0 = Release|Any CPU
		{3B855EBC-8E55-48DF-816B-B241BE45EBD8}.Debug|x86.ActiveCfg = Debug|Any CPU
		{3B855EBC-8E55-48DF-816B-B241BE45EBD8}.Debug|x86.Build.0 = Debug|Any CPU
		{3B855EBC-8E55-48DF-816B-B241BE45EBD8}.Release|x86.ActiveCfg = Release|Any CPU
		{3B855EBC-8E55-48DF-816B-B241BE45EBD8}.Release|x86.Build.0 = Release|Any CPU
		{4EB0DA71-99AC-4A9E-AFD0-1530C5C56159}.Debug|x86.ActiveCfg = Debug|Any CPU
		{4EB0DA71-99AC-4A9E-AFD0-1530C5C56159}.Debug|x86.Build.0 = Debug|Any CPU
		{4EB0DA71-99AC-4A9E-AFD0-1530C5C56159}.Release|x86.ActiveCfg = Release|Any CPU
		{4EB0DA71-99AC-4A9E-AFD0-1530C5C56159}.Release|x86.Build.0 = Release|Any CPU
		{5CDB25E4-4CB8-413B-BF94-91406867EEEF}.Debug|x86.ActiveCfg = Debug|x86
		{5CDB25E4-4CB8-413B-BF94-91406867EEEF}.Debug|x86.Build.0 = Debug|x86
		{5CDB25E4-4CB8-413B-BF94-91406867EEEF}.Release|x86.ActiveCfg = Release|x86
		{5CDB25E4-4CB8-413B-BF94-91406867EEEF}.Release|x86.Build.0 = Release|x86
		{6D04E4A7-E0A9-400F-93D9-0779E0BDB1C0}.Debug|x86.ActiveCfg = Debug|Any CPU
		{6D04E4A7-E0A9-400F-93D9-0779E0BDB1C0}.Debug|x86.Build.0 = Debug|Any CPU
		{6D04E4A7-E0A9-400F-93D9-0779E0BDB1C0}.Release|x86.ActiveCfg = Release|Any CPU
		{6D04E4A7-E0A9-400F-93D9-0779E0BDB1C0}.Release|x86.Build.0 = Release|Any CPU
		{701B2CAC-935F-47DB-A7F5-29DFDB4CAF8C}.Debug|x86.ActiveCfg = Debug|Any CPU
		{701B2CAC-935F-47DB-A7F5-29DFDB4CAF8C}.Debug|x86.Build.0 = Debug|Any CPU
		{701B2CAC-935F-47DB-A7F5-29DFDB4CAF8C}.Release|x86.ActiveCfg = Release|Any CPU
		{701B2CAC-935F-47DB-A7F5-29DFDB4CAF8C}.Release|x86.Build.0 = Release|Any CPU
		{701B2CAC-935F-47DB-A7F5-29DFDB4CAF8C}.Windows|Any CPU.ActiveCfg = Debug|Any CPU
		{701B2CAC-935F-47DB-A7F5-29DFDB4CAF8C}.Windows|Any CPU.Build.0 = Debug|Any CPU
		{8684E1F1-96B9-4F74-BFBB-3946C163A6B6}.Debug|x86.ActiveCfg = Debug|Any CPU
		{8684E1F1-96B9-4F74-BFBB-3946C163A6B6}.Debug|x86.Build.0 = Debug|Any CPU
		{8684E1F1-96B9-4F74-BFBB-3946C163A6B6}.Release|x86.ActiveCfg = Release|Any CPU
		{8684E1F1-96B9-4F74-BFBB-3946C163A6B6}.Release|x86.Build.0 = Release|Any CPU
		{8850F596-7FD9-4583-A524-BAFEDD1F474C}.Debug|x86.ActiveCfg = Debug|Any CPU
		{8850F596-7FD9-4583-A524-BAFEDD1F474C}.Debug|x86.Build.0 = Debug|Any CPU
		{8850F596-7FD9-4583-A524-BAFEDD1F474C}.Release|x86.ActiveCfg = Release|Any CPU
		{8850F596-7FD9-4583-A524-BAFEDD1F474C}.Release|x86.Build.0 = Release|Any CPU
		{8A4E3B12-4BDA-4A17-B886-A70AD7CED024}.Debug|x86.ActiveCfg = Debug|Any CPU
		{8A4E3B12-4BDA-4A17-B886-A70AD7CED024}.Debug|x86.Build.0 = Debug|Any CPU
		{8A4E3B12-4BDA-4A17-B886-A70AD7CED024}.Release|x86.ActiveCfg = Release|Any CPU
		{8A4E3B12-4BDA-4A17-B886-A70AD7CED024}.Release|x86.Build.0 = Release|Any CPU
		{8DA5F304-F6B6-43EF-A01F-68511ABF53CF}.Debug|x86.ActiveCfg = Debug|Any CPU
		{8DA5F304-F6B6-43EF-A01F-68511ABF53CF}.Debug|x86.Build.0 = Debug|Any CPU
		{8DA5F304-F6B6-43EF-A01F-68511ABF53CF}.Release|x86.ActiveCfg = Release|Any CPU
		{8DA5F304-F6B6-43EF-A01F-68511ABF53CF}.Release|x86.Build.0 = Release|Any CPU
		{9D05E68E-56BC-4155-AF0E-118C7D5254B8}.Debug|x86.ActiveCfg = Debug|Any CPU
		{9D05E68E-56BC-4155-AF0E-118C7D5254B8}.Debug|x86.Build.0 = Debug|Any CPU
		{9D05E68E-56BC-4155-AF0E-118C7D5254B8}.Release|x86.ActiveCfg = Release|Any CPU
		{9D05E68E-56BC-4155-AF0E-118C7D5254B8}.Release|x86.Build.0 = Release|Any CPU
		{9EFE1F6E-9B7E-4CBA-9EFC-E6F0FDDA9EDC}.Debug|x86.ActiveCfg = Debug|Any CPU
		{9EFE1F6E-9B7E-4CBA-9EFC-E6F0FDDA9EDC}.Debug|x86.Build.0 = Debug|Any CPU
		{9EFE1F6E-9B7E-4CBA-9EFC-E6F0FDDA9EDC}.Release|x86.ActiveCfg = Release|Any CPU
		{9EFE1F6E-9B7E-4CBA-9EFC-E6F0FDDA9EDC}.Release|x86.Build.0 = Release|Any CPU
		{A8659C27-52A7-4DC5-8F86-43D59F5D6E30}.Debug|x86.ActiveCfg = Debug|Any CPU
		{A8659C27-52A7-4DC5-8F86-43D59F5D6E30}.Debug|x86.Build.0 = Debug|Any CPU
		{A8659C27-52A7-4DC5-8F86-43D59F5D6E30}.Release|x86.ActiveCfg = Release|Any CPU
		{A8659C27-52A7-4DC5-8F86-43D59F5D6E30}.Release|x86.Build.0 = Release|Any CPU
		{AB92D9F2-74A4-4D6A-9882-9D180A544CED}.Debug|x86.ActiveCfg = Debug|Any CPU
		{AB92D9F2-74A4-4D6A-9882-9D180A544CED}.Debug|x86.Build.0 = Debug|Any CPU
		{AB92D9F2-74A4-4D6A-9882-9D180A544CED}.Release|x86.ActiveCfg = Release|Any CPU
		{AB92D9F2-74A4-4D6A-9882-9D180A544CED}.Release|x86.Build.0 = Release|Any CPU
		{B03D0959-A746-46E0-9D70-400CAD5ABA23}.Debug|x86.ActiveCfg = Debug|Any CPU
		{B03D0959-A746-46E0-9D70-400CAD5ABA23}.Debug|x86.Build.0 = Debug|Any CPU
		{B03D0959-A746-46E0-9D70-400CAD5ABA23}.Release|x86.ActiveCfg = Release|Any CPU
		{B03D0959-A746-46E0-9D70-400CAD5ABA23}.Release|x86.Build.0 = Release|Any CPU
		{B3971F35-8FE0-4FED-A3A4-7A082B341D81}.Debug|x86.ActiveCfg = Debug|Any CPU
		{B3971F35-8FE0-4FED-A3A4-7A082B341D81}.Debug|x86.Build.0 = Debug|Any CPU
		{B3971F35-8FE0-4FED-A3A4-7A082B341D81}.Release|x86.ActiveCfg = Release|Any CPU
		{B3971F35-8FE0-4FED-A3A4-7A082B341D81}.Release|x86.Build.0 = Release|Any CPU
		{BA8AD16F-358B-4F48-90EC-341091300B82}.Debug|x86.ActiveCfg = Debug|Any CPU
		{BA8AD16F-358B-4F48-90EC-341091300B82}.Debug|x86.Build.0 = Debug|Any CPU
		{BA8AD16F-358B-4F48-90EC-341091300B82}.Release|x86.ActiveCfg = Release|Any CPU
		{BA8AD16F-358B-4F48-90EC-341091300B82}.Release|x86.Build.0 = Release|Any CPU
		{BB615036-6BD1-4911-8C99-5C307E29B0A7}.Debug|x86.ActiveCfg = Debug|Any CPU
		{BB615036-6BD1-4911-8C99-5C307E29B0A7}.Debug|x86.Build.0 = Debug|Any CPU
		{BB615036-6BD1-4911-8C99-5C307E29B0A7}.Release|x86.ActiveCfg = Debug|Any CPU
		{BB615036-6BD1-4911-8C99-5C307E29B0A7}.Release|x86.Build.0 = Debug|Any CPU
		{BB615036-6BD1-4911-8C99-5C307E29B0A7}.Windows|Any CPU.ActiveCfg = Windows|Any CPU
		{BB615036-6BD1-4911-8C99-5C307E29B0A7}.Windows|Any CPU.Build.0 = Windows|Any CPU
		{C00E6610-4E5D-40D2-9C38-54EADBFDC88A}.Debug|x86.ActiveCfg = Debug|Any CPU
		{C00E6610-4E5D-40D2-9C38-54EADBFDC88A}.Debug|x86.Build.0 = Debug|Any CPU
		{C00E6610-4E5D-40D2-9C38-54EADBFDC88A}.Release|x86.ActiveCfg = Debug|Any CPU
		{C00E6610-4E5D-40D2-9C38-54EADBFDC88A}.Release|x86.Build.0 = Debug|Any CPU
		{C00E6610-4E5D-40D2-9C38-54EADBFDC88A}.Windows|Any CPU.ActiveCfg = Windows|Any CPU
		{C00E6610-4E5D-40D2-9C38-54EADBFDC88A}.Windows|Any CPU.Build.0 = Windows|Any CPU
		{C6F7D7EA-0245-4A29-AC8E-714E1677F0FC}.Debug|x86.ActiveCfg = Debug|Any CPU
		{C6F7D7EA-0245-4A29-AC8E-714E1677F0FC}.Debug|x86.Build.0 = Debug|Any CPU
		{C6F7D7EA-0245-4A29-AC8E-714E1677F0FC}.Release|x86.ActiveCfg = Debug|Any CPU
		{C6F7D7EA-0245-4A29-AC8E-714E1677F0FC}.Release|x86.Build.0 = Debug|Any CPU
		{CF8CDE47-EE9F-42D0-8073-F7F4EAE94165}.Debug|x86.ActiveCfg = Debug|Any CPU
		{CF8CDE47-EE9F-42D0-8073-F7F4EAE94165}.Debug|x86.Build.0 = Debug|Any CPU
		{CF8CDE47-EE9F-42D0-8073-F7F4EAE94165}.Release|x86.ActiveCfg = Release|Any CPU
		{CF8CDE47-EE9F-42D0-8073-F7F4EAE94165}.Release|x86.Build.0 = Release|Any CPU
		{D43EB678-542B-4B0B-8A3B-F6CA6181C81F}.Debug|x86.ActiveCfg = Debug|Any CPU
		{D43EB678-542B-4B0B-8A3B-F6CA6181C81F}.Debug|x86.Build.0 = Debug|Any CPU
		{D43EB678-542B-4B0B-8A3B-F6CA6181C81F}.Release|x86.ActiveCfg = Release|Any CPU
		{D43EB678-542B-4B0B-8A3B-F6CA6181C81F}.Release|x86.Build.0 = Release|Any CPU
		{D8618AEA-5F05-48DE-86BB-0A1F601AE5DC}.Debug|x86.ActiveCfg = Debug|Any CPU
		{D8618AEA-5F05-48DE-86BB-0A1F601AE5DC}.Debug|x86.Build.0 = Debug|Any CPU
		{D8618AEA-5F05-48DE-86BB-0A1F601AE5DC}.Release|x86.ActiveCfg = Release|Any CPU
		{D8618AEA-5F05-48DE-86BB-0A1F601AE5DC}.Release|x86.Build.0 = Release|Any CPU
		{DB994058-F7F4-494F-BEBC-11ADF056DF68}.Debug|x86.ActiveCfg = Debug|Any CPU
		{DB994058-F7F4-494F-BEBC-11ADF056DF68}.Debug|x86.Build.0 = Debug|Any CPU
		{DB994058-F7F4-494F-BEBC-11ADF056DF68}.Release|x86.ActiveCfg = Release|Any CPU
		{DB994058-F7F4-494F-BEBC-11ADF056DF68}.Release|x86.Build.0 = Release|Any CPU
		{EE91126B-5500-4719-9FAA-36CBAC95DEE3}.Debug|x86.ActiveCfg = Debug|Any CPU
		{EE91126B-5500-4719-9FAA-36CBAC95DEE3}.Debug|x86.Build.0 = Debug|Any CPU
		{EE91126B-5500-4719-9FAA-36CBAC95DEE3}.Release|x86.ActiveCfg = Release|Any CPU
		{EE91126B-5500-4719-9FAA-36CBAC95DEE3}.Release|x86.Build.0 = Release|Any CPU
		{F38B53BA-8F85-4DC6-9B94-029C1CF96F24}.Debug|x86.ActiveCfg = Debug|Any CPU
		{F38B53BA-8F85-4DC6-9B94-029C1CF96F24}.Debug|x86.Build.0 = Debug|Any CPU
		{F38B53BA-8F85-4DC6-9B94-029C1CF96F24}.Release|x86.ActiveCfg = Release|Any CPU
		{F38B53BA-8F85-4DC6-9B94-029C1CF96F24}.Release|x86.Build.0 = Release|Any CPU
	EndGlobalSection
	GlobalSection(NestedProjects) = preSolution
		{D43EB678-542B-4B0B-8A3B-F6CA6181C81F} = {FA8A4EFB-2E20-4880-8053-3DEAF3F4B2E1}
		{DB994058-F7F4-494F-BEBC-11ADF056DF68} = {FA8A4EFB-2E20-4880-8053-3DEAF3F4B2E1}
		{D8618AEA-5F05-48DE-86BB-0A1F601AE5DC} = {FA8A4EFB-2E20-4880-8053-3DEAF3F4B2E1}
		{6D04E4A7-E0A9-400F-93D9-0779E0BDB1C0} = {C54CC0D3-C05D-4A06-9918-5BF9B61C35BF}
		{8A4E3B12-4BDA-4A17-B886-A70AD7CED024} = {C54CC0D3-C05D-4A06-9918-5BF9B61C35BF}
		{A8659C27-52A7-4DC5-8F86-43D59F5D6E30} = {B0F00CD8-CE0A-4231-9BC9-1B0B2F8984DE}
		{C6F7D7EA-0245-4A29-AC8E-714E1677F0FC} = {76693D14-3D45-4CCC-AC0A-F1372836BCFF}
		{09A0200F-F3AF-4BD6-9EC4-E7D80D273E4C} = {76693D14-3D45-4CCC-AC0A-F1372836BCFF}
		{31BFFB6B-357F-4BF5-B9FA-C83E6B8259A9} = {673A23F5-67E8-4BE7-A47B-1BEE9B8C33CD}
		{4EB0DA71-99AC-4A9E-AFD0-1530C5C56159} = {673A23F5-67E8-4BE7-A47B-1BEE9B8C33CD}
		{CF8CDE47-EE9F-42D0-8073-F7F4EAE94165} = {673A23F5-67E8-4BE7-A47B-1BEE9B8C33CD}
		{9D05E68E-56BC-4155-AF0E-118C7D5254B8} = {673A23F5-67E8-4BE7-A47B-1BEE9B8C33CD}
		{07680636-F897-4CDB-8B25-85D21113AD1C} = {673A23F5-67E8-4BE7-A47B-1BEE9B8C33CD}
		{8684E1F1-96B9-4F74-BFBB-3946C163A6B6} = {673A23F5-67E8-4BE7-A47B-1BEE9B8C33CD}
		{05E72510-705D-463D-91B8-A2E22C78F3C2} = {673A23F5-67E8-4BE7-A47B-1BEE9B8C33CD}
		{C00E6610-4E5D-40D2-9C38-54EADBFDC88A} = {32AD215B-5CE4-4D53-88C0-5F8B3CDCEB99}
		{701B2CAC-935F-47DB-A7F5-29DFDB4CAF8C} = {32AD215B-5CE4-4D53-88C0-5F8B3CDCEB99}
	EndGlobalSection
	GlobalSection(MonoDevelopProperties) = preSolution
		StartupItem = src\AlarmClock\AlarmClock.csproj
		Policies = $0
		$0.DotNetNamingPolicy = $1
		$1.DirectoryNamespaceAssociation = None
		$1.ResourceNamePolicy = FileName
		$0.TextStylePolicy = $2
		$2.FileWidth = 120
		$2.NoTabsAfterNonTabs = True
		$2.RemoveTrailingWhitespace = True
		$2.inheritsSet = VisualStudio
		$2.inheritsScope = text/plain
		$2.scope = text/x-csharp
		$0.CSharpFormattingPolicy = $3
		$3.inheritsSet = Mono
		$3.inheritsScope = text/x-csharp
		$3.scope = text/x-csharp
		$0.StandardHeader = $4
		$4.Text = @\n${FileName}\n\nAuthor:\n  ${AuthorName} <${AuthorEmail}>\n\nCopyright (c) ${Year} ${CopyrightHolder}\n\nPermission is hereby granted, free of charge, to any person obtaining a copy\nof this software and associated documentation files (the "Software"), to deal\nin the Software without restriction, including without limitation the rights\nto use, copy, modify, merge, publish, distribute, sublicense, and/or sell\ncopies of the Software, and to permit persons to whom the Software is\nfurnished to do so, subject to the following conditions:\n\nThe above copyright notice and this permission notice shall be included in\nall copies or substantial portions of the Software.\n\nTHE SOFTWARE IS PROVIDED "AS IS", WITHOUT WARRANTY OF ANY KIND, EXPRESS OR\nIMPLIED, INCLUDING BUT NOT LIMITED TO THE WARRANTIES OF MERCHANTABILITY,\nFITNESS FOR A PARTICULAR PURPOSE AND NONINFRINGEMENT. IN NO EVENT SHALL THE\nAUTHORS OR COPYRIGHT HOLDERS BE LIABLE FOR ANY CLAIM, DAMAGES OR OTHER\nLIABILITY, WHETHER IN AN ACTION OF CONTRACT, TORT OR OTHERWISE, ARISING FROM,\nOUT OF OR IN CONNECTION WITH THE SOFTWARE OR THE USE OR OTHER DEALINGS IN\nTHE SOFTWARE.
		$4.inheritsSet = Apache2License
	EndGlobalSection
EndGlobal
