
Microsoft Visual Studio Solution File, Format Version 10.00
# Visual Studio 2008
Project("{FAE04EC0-301F-11D3-BF4B-00C04F79EFBC}") = "AlarmClock", "src\AlarmClock\AlarmClock.csproj", "{8850F596-7FD9-4583-A524-BAFEDD1F474C}"
EndProject
Global
	GlobalSection(SolutionConfigurationPlatforms) = preSolution
		Debug|x86 = Debug|x86
		Release|x86 = Release|x86
	EndGlobalSection
	GlobalSection(ProjectConfigurationPlatforms) = postSolution
		{8850F596-7FD9-4583-A524-BAFEDD1F474C}.Debug|x86.ActiveCfg = Debug|Any CPU
		{8850F596-7FD9-4583-A524-BAFEDD1F474C}.Debug|x86.Build.0 = Debug|Any CPU
		{8850F596-7FD9-4583-A524-BAFEDD1F474C}.Release|x86.ActiveCfg = Release|Any CPU
		{8850F596-7FD9-4583-A524-BAFEDD1F474C}.Release|x86.Build.0 = Release|Any CPU
	EndGlobalSection
	GlobalSection(MonoDevelopProperties) = preSolution
		StartupItem = src\AlarmClock\AlarmClock.csproj
		Policies = $0
		$0.DotNetNamingPolicy = $1
		$1.DirectoryNamespaceAssociation = None
		$1.ResourceNamePolicy = FileFormatDefault
		$0.TextStylePolicy = $2
		$2.FileWidth = 120
		$2.NoTabsAfterNonTabs = True
		$2.RemoveTrailingWhitespace = True
		$2.inheritsSet = VisualStudio
		$2.inheritsScope = text/plain
		$2.scope = text/x-csharp
		$0.CSharpFormattingPolicy = $3
		$3.inheritsSet = Mono
		$3.inheritsScope = text/x-csharp
		$3.scope = text/x-csharp
		$0.StandardHeader = $4
		$4.Text = 
		$4.inheritsSet = MITX11License
	EndGlobalSection
EndGlobal
